
Microsoft Visual Studio Solution File, Format Version 12.00
# Visual Studio Version 16
VisualStudioVersion = 16.0.30804.86
MinimumVisualStudioVersion = 10.0.40219.1
Project("{FAE04EC0-301F-11D3-BF4B-00C04F79EFBC}") = "ToDO", "ToDO\ToDO.csproj", "{9A4CC924-2BE5-46A4-9FB7-F27077F1AB38}"
EndProject
Global
	GlobalSection(SolutionConfigurationPlatforms) = preSolution
		Debug|Any CPU = Debug|Any CPU
		Release|Any CPU = Release|Any CPU
	EndGlobalSection
	GlobalSection(ProjectConfigurationPlatforms) = postSolution
		{9A4CC924-2BE5-46A4-9FB7-F27077F1AB38}.Debug|Any CPU.ActiveCfg = Debug|Any CPU
		{9A4CC924-2BE5-46A4-9FB7-F27077F1AB38}.Debug|Any CPU.Build.0 = Debug|Any CPU
		{9A4CC924-2BE5-46A4-9FB7-F27077F1AB38}.Release|Any CPU.ActiveCfg = Release|Any CPU
		{9A4CC924-2BE5-46A4-9FB7-F27077F1AB38}.Release|Any CPU.Build.0 = Release|Any CPU
	EndGlobalSection
	GlobalSection(SolutionProperties) = preSolution
		HideSolutionNode = FALSE
	EndGlobalSection
	GlobalSection(ExtensibilityGlobals) = postSolution
		SolutionGuid = {FF7A8B4B-D184-48B2-80CC-0944BAE6BD64}
	EndGlobalSection
EndGlobal
